github.com/davecgh/go-spew v1.1.1 h1:vj9j/u1bqnvCEfJOwUhtlOARqs3+rkHYY13jYWTU97c=
github.com/davecgh/go-spew v1.1.1/go.mod h1:J7Y8YcW2NihsgmVo/mv3lAwl/skON4iLHjSsI+c5H38=
github.com/dgrijalva/jwt-go v3.2.0+incompatible h1:7qlOGliEKZXTDg6OTjfoBKDXWrumCAMpl/TFQ4/5kLM=
github.com/dgrijalva/jwt-go v3.2.0+incompatible/go.mod h1:E3ru+11k8xSBh+hMPgOLZmtrrCbhqsmaPHjLKYnJCaQ=
github.com/dimchansky/utfbom v1.0.0 h1:fGC2kkf4qOoKqZ4q7iIh+Vef4ubC1c38UDsEyZynZPc=
github.com/dimchansky/utfbom v1.0.0/go.mod h1:rO41eb7gLfo8SF1jd9F8HplJm1Fewwi4mQvIirEdv+8=
github.com/jhendrixMSFT/azure-sdk-for-go2/profiles/2017-03-09 v0.1.0 h1:r08yylD+KOrk8C+8HRCeUlw2ldlSu7OxvYk1hu7lxV8=
github.com/jhendrixMSFT/azure-sdk-for-go2/profiles/2017-03-09 v0.1.0/go.mod h1:vB7wLYySM1SiY9XDllSqj/Sy4VEOlKks1heEo4xB68A=
github.com/jhendrixMSFT/azure-sdk-for-go2/services/compute/mgmt/2016-03-30/compute v0.1.0/go.mod h1:CoXltSGOxHUHGUx4XStxbucUvoC/Ipgll+Gv/PsZtAI=
github.com/jhendrixMSFT/azure-sdk-for-go2/services/keyvault/2016-10-01/keyvault v0.1.0/go.mod h1:XrTyTH2DcXAHOjdZAeDjmuP7GhOZt1x9UEbe8Nu4ZOo=
github.com/jhendrixMSFT/azure-sdk-for-go2/services/keyvault/mgmt/2016-10-01/keyvault v0.1.0/go.mod h1:bDngzzbISmLA9TXPVuNCO8j+OwR+QAzIp/tCbO+lhAo=
github.com/jhendrixMSFT/azure-sdk-for-go2/services/network/mgmt/2015-06-15/network v0.1.0/go.mod h1:b10UxSOdsC7E3u3r8C6F4DnlWV6+TnXGDPuKb9LNeLU=
github.com/jhendrixMSFT/azure-sdk-for-go2/services/resources/mgmt/2015-01-01/locks v0.1.0/go.mod h1:eZ94C/0tyP77pTgDmJMEMCVkDUvBKCbitiPG1axsN3Q=
github.com/jhendrixMSFT/azure-sdk-for-go2/services/resources/mgmt/2015-10-01-preview/policy v0.1.0/go.mod h1:K/4o7qee/zAwu/onnki+fbv3aBGG0wF3hzh2p3M6q+s=
github.com/jhendrixMSFT/azure-sdk-for-go2/services/resources/mgmt/2015-12-01/features v0.1.0/go.mod h1:keeOxxQ9D3ni0e68hMzr/4E0NWELmMma5AvXFqlwCWQ=
github.com/jhendrixMSFT/azure-sdk-for-go2/services/resources/mgmt/2016-02-01/resources v0.1.0 h1:Hn07+ZH7doaeyhzwO9oPk5pFbZkI0C2CYNguB7tK9/o=
github.com/jhendrixMSFT/azure-sdk-for-go2/services/resources/mgmt/2016-02-01/resources v0.1.0/go.mod h1:rjinKAGEPBFFPha4KZoLjZFxtj1VhGIKqwFLy1UcOcg=
github.com/jhendrixMSFT/azure-sdk-for-go2/services/resources/mgmt/2016-06-01/subscriptions v0.1.0/go.mod h1:5vJaVAnHg0lpgKOmsKTb+uVn2zX3leyEh5nXeyNpKxA=
github.com/jhendrixMSFT/azure-sdk-for-go2/services/resources/mgmt/2016-09-01/links v0.1.0/go.mod h1:4492EkvkuI9f/U4AC1FWjHOFblVaZPncsv/+agryjhM=
github.com/jhendrixMSFT/azure-sdk-for-go2/services/storage/mgmt/2016-01-01/storage v0.1.0/go.mod h1:z2F51WEXgu9sgCtLesv6EHV8V7Fz/yi05Njw8dFLouU=
github.com/jhendrixMSFT/go-autorest2 v0.1.0 h1:D2a2Kin5knTanGXhE633SCzGloUrU1WFn4ZUzR6B4kA=
github.com/jhendrixMSFT/go-autorest2 v0.1.0/go.mod h1:Gzq1aAg+YXAHZe5l7rRZtsE6O0wjM48UrM+cGLRNS2M=
github.com/jhendrixMSFT/go-autorest2/autorest/adal v0.1.0 h1:ffFPwpW2OkTYKvHQKRtD/yaVB6NwLM2bG8NnaKTdBQ4=
github.com/jhendrixMSFT/go-autorest2/autorest/adal v0.1.0/go.mod h1:9VaRfmzTEkY0nYnyCBmVqkJNPlHKQifRTtE4lpr0Hxg=
github.com/jhendrixMSFT/go-autorest2/autorest/date v0.1.0 h1:/najP00jrFmbIMAo3PTmsFeguzxvk0AVwpoIYkYdiFo=
github.com/jhendrixMSFT/go-autorest2/autorest/date v0.1.0/go.mod h1:Mly9YoOTIRuCaybPLoQU4DJsZpq9csdX+fVPdolla2Q=
github.com/jhendrixMSFT/go-autorest2/autorest/mocks v0.1.0 h1:n8/nvuHPvagQOtnfwHOaV+J436mEATuBNrNl2HgOpVw=
github.com/jhendrixMSFT/go-autorest2/autorest/mocks v0.1.0/go.mod h1:RUPrjUZVK2eWiiFI5rdiNijxJl8N/D76CH0xNCHdgHc=
github.com/jhendrixMSFT/go-autorest2/logger v0.1.0 h1:Oy3+C/6r2fQk/fR4wbZBz9vPsey1VsGo8uZKiYS2xg8=
github.com/jhendrixMSFT/go-autorest2/logger v0.1.0/go.mod h1:jbZxwmwFDtlM6yFn3MD0GbtrooFqgFhNXOU0rsy5P3s=
github.com/mitchellh/go-homedir v1.0.0 h1:vKb8ShqSby24Yrqr/yDYkuFz8d0WUjys40rvnGC8aR0=
github.com/mitchellh/go-homedir v1.0.0/go.mod h1:SfyaCUpYCn1Vlf4IUYiD9fPX4A5wJrkLzIz1N1q0pr0=
github.com/pmezard/go-difflib v1.0.0 h1:4DBwDE0NGyQoBHbLQYPwSUPoCMWR5BEzIk/f1lZbAQM=
github.com/pmezard/go-difflib v1.0.0/go.mod h1:iKH77koFhYxTK1pcRnkKkqfTogsbg7gZNVY4sRDYZ/4=
github.com/satori/go.uuid v1.2.0/go.mod h1:dA0hQrYB0VpLJoorglMZABFdXlWrHn1NEOzdhQKdks0=
github.com/stretchr/testify v1.2.2 h1:bSDNvY7ZPG5RlJ8otE/7V6gMiyenm9RtJ7IUVIAoJ1w=
github.com/stretchr/testify v1.2.2/go.mod h1:a8OnRcib4nhh0OaRAV+Yts87kKdq0PP7pXfy6kDkUVs=
golang.org/x/crypto v0.0.0-20181015023909-0c41d7ab0a0e h1:IzypfodbhbnViNUO/MEh0FzCUooG97cIGfdggUrUSyU=
golang.org/x/crypto v0.0.0-20181015023909-0c41d7ab0a0e/go.mod h1:6SG95UA2DQfeDnfUPMdvaQW0Q7yPrPDi9nlGo2tz2b4=
